{
  "name": "ws-submodtest",
  "version": "1.0.0",
  "lockfileVersion": 2,
  "requires": true,
  "packages": {
    "": {
      "name": "ws-submodtest",
      "version": "1.0.0",
      "license": "ISC",
      "workspaces": [
        "./packages/*"
      ]
    },
    "node_modules/@spreadless/design": {
      "resolved": "packages/design",
      "link": true
    },
    "node_modules/server": {
      "resolved": "packages/server",
      "link": true
    },
    "node_modules/webapp": {
      "resolved": "packages/webapp",
      "link": true
    },
    "packages/design": {
      "version": "1.0.0"
    },
    "packages/server": {
      "version": "1.0.0",
      "license": "ISC"
    },
    "packages/webapp": {
      "version": "1.0.0",
      "license": "ISC"
    }
  },
  "dependencies": {
    "@spreadless/design": {
      "version": "file:packages/design"
    },
    "server": {
      "version": "file:packages/server"
    },
    "webapp": {
      "version": "file:packages/webapp"
    }
  }
}
